
Microsoft Visual Studio Solution File, Format Version 12.00
# Visual Studio Version 16
VisualStudioVersion = 16.0.29215.179
MinimumVisualStudioVersion = 10.0.40219.1
Project("{8BC9CEB8-8B4A-11D0-8D11-00A0C91BC942}") = "olcApple1", "olcApple1.vcxproj", "{9E58DFA6-731D-4F76-909E-9EB72EC4D189}"
EndProject
Project("{2150E333-8FDC-42A3-9474-1A3956D46DE8}") = "Solution Items", "Solution Items", "{5F1A7141-E39C-4A53-97F7-B5BFDF12872B}"
	ProjectSection(SolutionItems) = preProject
		README.md = README.md
	EndProjectSection
EndProject
Global
	GlobalSection(SolutionConfigurationPlatforms) = preSolution
		Debug|x64 = Debug|x64
		Debug|x86 = Debug|x86
		Release|x64 = Release|x64
		Release|x86 = Release|x86
	EndGlobalSection
	GlobalSection(ProjectConfigurationPlatforms) = postSolution
		{9E58DFA6-731D-4F76-909E-9EB72EC4D189}.Debug|x64.ActiveCfg = Debug|x64
		{9E58DFA6-731D-4F76-909E-9EB72EC4D189}.Debug|x64.Build.0 = Debug|x64
		{9E58DFA6-731D-4F76-909E-9EB72EC4D189}.Debug|x86.ActiveCfg = Debug|Win32
		{9E58DFA6-731D-4F76-909E-9EB72EC4D189}.Debug|x86.Build.0 = Debug|Win32
		{9E58DFA6-731D-4F76-909E-9EB72EC4D189}.Release|x64.ActiveCfg = Release|x64
		{9E58DFA6-731D-4F76-909E-9EB72EC4D189}.Release|x64.Build.0 = Release|x64
		{9E58DFA6-731D-4F76-909E-9EB72EC4D189}.Release|x86.ActiveCfg = Release|Win32
		{9E58DFA6-731D-4F76-909E-9EB72EC4D189}.Release|x86.Build.0 = Release|Win32
	EndGlobalSection
	GlobalSection(SolutionProperties) = preSolution
		HideSolutionNode = FALSE
	EndGlobalSection
	GlobalSection(ExtensibilityGlobals) = postSolution
		SolutionGuid = {23DF90F1-67C7-4F49-9A30-2A9A47E540FD}
	EndGlobalSection
EndGlobal
